
Microsoft Visual Studio Solution File, Format Version 12.00
# Visual Studio Version 17
VisualStudioVersion = 17.10.35013.160
MinimumVisualStudioVersion = 10.0.40219.1
Project("{FAE04EC0-301F-11D3-BF4B-00C04F79EFBC}") = "AvenueCodeKBRA", "AvenueCodeKBRA\AvenueCodeKBRA.csproj", "{0A48171E-D443-444F-A9C3-7500FA378F78}"
EndProject
Project("{FAE04EC0-301F-11D3-BF4B-00C04F79EFBC}") = "AvenueCodeKBRA.Tests", "AvenueCodeKBRA.Tests\AvenueCodeKBRA.Tests.csproj", "{1B2C3D4E-5F6A-7B8C-9D0E-1F2A3B4C5D6E}"
EndProject
Global
	GlobalSection(SolutionConfigurationPlatforms) = preSolution
		Debug|Any CPU = Debug|Any CPU
		Release|Any CPU = Release|Any CPU
	EndGlobalSection
	GlobalSection(ProjectConfigurationPlatforms) = postSolution
		{0A48171E-D443-444F-A9C3-7500FA378F78}.Debug|Any CPU.ActiveCfg = Debug|Any CPU
		{0A48171E-D443-444F-A9C3-7500FA378F78}.Debug|Any CPU.Build.0 = Debug|Any CPU
		{0A48171E-D443-444F-A9C3-7500FA378F78}.Release|Any CPU.ActiveCfg = Release|Any CPU
		{0A48171E-D443-444F-A9C3-7500FA378F78}.Release|Any CPU.Build.0 = Release|Any CPU
		{1B2C3D4E-5F6A-7B8C-9D0E-1F2A3B4C5D6E}.Debug|Any CPU.ActiveCfg = Debug|Any CPU
		{1B2C3D4E-5F6A-7B8C-9D0E-1F2A3B4C5D6E}.Debug|Any CPU.Build.0 = Debug|Any CPU
		{1B2C3D4E-5F6A-7B8C-9D0E-1F2A3B4C5D6E}.Release|Any CPU.ActiveCfg = Release|Any CPU
		{1B2C3D4E-5F6A-7B8C-9D0E-1F2A3B4C5D6E}.Release|Any CPU.Build.0 = Release|Any CPU
	EndGlobalSection
	GlobalSection(SolutionProperties) = preSolution
		HideSolutionNode = FALSE
	EndGlobalSection
	GlobalSection(ExtensibilityGlobals) = postSolution
		SolutionGuid = {86AEE243-4A93-4974-8B57-9A0F77703249}
	EndGlobalSection
EndGlobal
